<Solution>
  <Project Path="Aula02/Aula02.csproj" />
  <Project Path="Aula03/Aula03.csproj" Id="21916f6b-3584-4aa4-911f-99480b3f01b1" />
  <Project Path="Aula04/Aula04.csproj" Id="fcd8b184-70a6-49b8-b410-b6a6dd82e730" />
  <Project Path="Estudo/Estudo.csproj" />
  <Project Path="LendoOTeclado/LendoOTeclado.csproj" Id="91604734-24dd-4bf7-b20e-9b981612fac2" />
  <Project Path="Variaveis/Variaveis.csproj" Id="fc1dd267-39da-4b3f-ac02-c3830cb8d44b" />
  <Project Path="Variaveis_III/Variaveis_III.csproj" Id="ac73aa17-13a5-441a-bb5f-a53425f25608" />
  <Project Path="Variavel_II/Variavel_II.csproj" Id="baafdd63-986c-4b15-a6c6-7cf4eadd6f0a" />
</Solution>
